
Microsoft Visual Studio Solution File, Format Version 12.00
# Visual Studio 15
VisualStudioVersion = 15.0.28307.168
MinimumVisualStudioVersion = 10.0.40219.1
Project("{FAE04EC0-301F-11D3-BF4B-00C04F79EFBC}") = "dotNet-gram", "dotNet-gram\dotNet-gram.csproj", "{A51B843C-DC2A-423E-A099-C936967B41B3}"
EndProject
Global
	GlobalSection(SolutionConfigurationPlatforms) = preSolution
		Debug|Any CPU = Debug|Any CPU
		Release|Any CPU = Release|Any CPU
	EndGlobalSection
	GlobalSection(ProjectConfigurationPlatforms) = postSolution
		{A51B843C-DC2A-423E-A099-C936967B41B3}.Debug|Any CPU.ActiveCfg = Debug|Any CPU
		{A51B843C-DC2A-423E-A099-C936967B41B3}.Debug|Any CPU.Build.0 = Debug|Any CPU
		{A51B843C-DC2A-423E-A099-C936967B41B3}.Release|Any CPU.ActiveCfg = Release|Any CPU
		{A51B843C-DC2A-423E-A099-C936967B41B3}.Release|Any CPU.Build.0 = Release|Any CPU
	EndGlobalSection
	GlobalSection(SolutionProperties) = preSolution
		HideSolutionNode = FALSE
	EndGlobalSection
	GlobalSection(ExtensibilityGlobals) = postSolution
		SolutionGuid = {99821BB2-5FB4-41BF-8D91-45DCBB6948E3}
	EndGlobalSection
EndGlobal
